
Microsoft Visual Studio Solution File, Format Version 12.00
# Visual Studio Version 17
VisualStudioVersion = 17.4.33110.190
MinimumVisualStudioVersion = 10.0.40219.1
Project("{9A19103F-16F7-4668-BE54-9A1E7A4F7556}") = "DreamTravel", "DreamTravel\DreamTravel.csproj", "{0C2955E3-FEFF-44F1-A5C2-F041AEFB310A}"
EndProject
Project("{9A19103F-16F7-4668-BE54-9A1E7A4F7556}") = "EntityLayer", "EntityLayer\EntityLayer.csproj", "{BB1B9402-15DA-45F2-B1C7-279A84890C37}"
EndProject
Project("{9A19103F-16F7-4668-BE54-9A1E7A4F7556}") = "BusinessLayer", "BusinessLayer\BusinessLayer.csproj", "{50205F57-4C6A-4520-A62B-A8C2E6797700}"
EndProject
Project("{9A19103F-16F7-4668-BE54-9A1E7A4F7556}") = "DataAccessLayer", "DataAccessLayer\DataAccessLayer.csproj", "{88BDD815-6283-4F96-89D4-1EC5FE5B0A4C}"
EndProject
Project("{FAE04EC0-301F-11D3-BF4B-00C04F79EFBC}") = "DTOLayer", "DTOLayer\DTOLayer.csproj", "{4FEBA2A8-8AC2-4F5C-9BEF-11A58EC582A9}"
EndProject
Global
	GlobalSection(SolutionConfigurationPlatforms) = preSolution
		Debug|Any CPU = Debug|Any CPU
		Release|Any CPU = Release|Any CPU
	EndGlobalSection
	GlobalSection(ProjectConfigurationPlatforms) = postSolution
		{0C2955E3-FEFF-44F1-A5C2-F041AEFB310A}.Debug|Any CPU.ActiveCfg = Debug|Any CPU
		{0C2955E3-FEFF-44F1-A5C2-F041AEFB310A}.Debug|Any CPU.Build.0 = Debug|Any CPU
		{0C2955E3-FEFF-44F1-A5C2-F041AEFB310A}.Release|Any CPU.ActiveCfg = Release|Any CPU
		{0C2955E3-FEFF-44F1-A5C2-F041AEFB310A}.Release|Any CPU.Build.0 = Release|Any CPU
		{BB1B9402-15DA-45F2-B1C7-279A84890C37}.Debug|Any CPU.ActiveCfg = Debug|Any CPU
		{BB1B9402-15DA-45F2-B1C7-279A84890C37}.Debug|Any CPU.Build.0 = Debug|Any CPU
		{BB1B9402-15DA-45F2-B1C7-279A84890C37}.Release|Any CPU.ActiveCfg = Release|Any CPU
		{BB1B9402-15DA-45F2-B1C7-279A84890C37}.Release|Any CPU.Build.0 = Release|Any CPU
		{50205F57-4C6A-4520-A62B-A8C2E6797700}.Debug|Any CPU.ActiveCfg = Debug|Any CPU
		{50205F57-4C6A-4520-A62B-A8C2E6797700}.Debug|Any CPU.Build.0 = Debug|Any CPU
		{50205F57-4C6A-4520-A62B-A8C2E6797700}.Release|Any CPU.ActiveCfg = Release|Any CPU
		{50205F57-4C6A-4520-A62B-A8C2E6797700}.Release|Any CPU.Build.0 = Release|Any CPU
		{88BDD815-6283-4F96-89D4-1EC5FE5B0A4C}.Debug|Any CPU.ActiveCfg = Debug|Any CPU
		{88BDD815-6283-4F96-89D4-1EC5FE5B0A4C}.Debug|Any CPU.Build.0 = Debug|Any CPU
		{88BDD815-6283-4F96-89D4-1EC5FE5B0A4C}.Release|Any CPU.ActiveCfg = Release|Any CPU
		{88BDD815-6283-4F96-89D4-1EC5FE5B0A4C}.Release|Any CPU.Build.0 = Release|Any CPU
		{4FEBA2A8-8AC2-4F5C-9BEF-11A58EC582A9}.Debug|Any CPU.ActiveCfg = Debug|Any CPU
		{4FEBA2A8-8AC2-4F5C-9BEF-11A58EC582A9}.Debug|Any CPU.Build.0 = Debug|Any CPU
		{4FEBA2A8-8AC2-4F5C-9BEF-11A58EC582A9}.Release|Any CPU.ActiveCfg = Release|Any CPU
		{4FEBA2A8-8AC2-4F5C-9BEF-11A58EC582A9}.Release|Any CPU.Build.0 = Release|Any CPU
	EndGlobalSection
	GlobalSection(SolutionProperties) = preSolution
		HideSolutionNode = FALSE
	EndGlobalSection
	GlobalSection(ExtensibilityGlobals) = postSolution
		SolutionGuid = {252CFEB4-3931-4C5B-95F4-CDE214DB29FD}
	EndGlobalSection
EndGlobal
